// !$*UTF8*$!
{
	archiveVersion = 1;
	classes = {
	};
	objectVersion = 46;
	objects = {

/* Begin PBXBuildFile section */
		062DAEDA1F3A486400BF71D3 /* HeaderView.xib in Resources */ = {isa = PBXBuildFile; fileRef = 062DAED81F3A486400BF71D3 /* HeaderView.xib */; };
		062DAEDB1F3A486400BF71D3 /* RowView.xib in Resources */ = {isa = PBXBuildFile; fileRef = 062DAED91F3A486400BF71D3 /* RowView.xib */; };
		062DAEDD1F3A4B0F00BF71D3 /* RowView.swift in Sources */ = {isa = PBXBuildFile; fileRef = 062DAEDC1F3A4B0F00BF71D3 /* RowView.swift */; };
		069153CE1F30090E00759D86 /* LaunchScreen.xib in Resources */ = {isa = PBXBuildFile; fileRef = 069153CD1F30090E00759D86 /* LaunchScreen.xib */; };
		069153D01F30092000759D86 /* Images.xcassets in Resources */ = {isa = PBXBuildFile; fileRef = 069153CF1F30092000759D86 /* Images.xcassets */; };
		069153D71F30169F00759D86 /* ExitView.swift in Sources */ = {isa = PBXBuildFile; fileRef = 069153D61F30169F00759D86 /* ExitView.swift */; };
		06C019501F33A6E50029DD90 /* ExitView.xib in Resources */ = {isa = PBXBuildFile; fileRef = 06C0194F1F33A6E50029DD90 /* ExitView.xib */; };
		607FACD61AFB9204008FA782 /* AppDelegate.swift in Sources */ = {isa = PBXBuildFile; fileRef = 607FACD51AFB9204008FA782 /* AppDelegate.swift */; };
		607FACD81AFB9204008FA782 /* ViewController.swift in Sources */ = {isa = PBXBuildFile; fileRef = 607FACD71AFB9204008FA782 /* ViewController.swift */; };
		975C7757F22370BFC9B91655 /* Pods_MPDynamicSkeleton_Example.framework in Frameworks */ = {isa = PBXBuildFile; fileRef = 33DF0D55232D95453C1B3803 /* Pods_MPDynamicSkeleton_Example.framework */; };
/* End PBXBuildFile section */

/* Begin PBXFileReference section */
		062DAED81F3A486400BF71D3 /* HeaderView.xib */ = {isa = PBXFileReference; fileEncoding = 4; lastKnownFileType = file.xib; path = HeaderView.xib; sourceTree = "<group>"; };
		062DAED91F3A486400BF71D3 /* RowView.xib */ = {isa = PBXFileReference; fileEncoding = 4; lastKnownFileType = file.xib; path = RowView.xib; sourceTree = "<group>"; };
		062DAEDC1F3A4B0F00BF71D3 /* RowView.swift */ = {isa = PBXFileReference; fileEncoding = 4; lastKnownFileType = sourcecode.swift; path = RowView.swift; sourceTree = "<group>"; };
		069153CD1F30090E00759D86 /* LaunchScreen.xib */ = {isa = PBXFileReference; fileEncoding = 4; lastKnownFileType = file.xib; path = LaunchScreen.xib; sourceTree = "<group>"; };
		069153CF1F30092000759D86 /* Images.xcassets */ = {isa = PBXFileReference; lastKnownFileType = folder.assetcatalog; path = Images.xcassets; sourceTree = "<group>"; };
		069153D61F30169F00759D86 /* ExitView.swift */ = {isa = PBXFileReference; fileEncoding = 4; lastKnownFileType = sourcecode.swift; path = ExitView.swift; sourceTree = "<group>"; };
		06C0194F1F33A6E50029DD90 /* ExitView.xib */ = {isa = PBXFileReference; fileEncoding = 4; lastKnownFileType = file.xib; path = ExitView.xib; sourceTree = "<group>"; };
		33DF0D55232D95453C1B3803 /* Pods_MPDynamicSkeleton_Example.framework */ = {isa = PBXFileReference; explicitFileType = wrapper.framework; includeInIndex = 0; path = Pods_MPDynamicSkeleton_Example.framework; sourceTree = BUILT_PRODUCTS_DIR; };
		45D86CB470580B7DADEA94F9 /* Pods-MPDynamicSkeleton_Example.debug.xcconfig */ = {isa = PBXFileReference; includeInIndex = 1; lastKnownFileType = text.xcconfig; name = "Pods-MPDynamicSkeleton_Example.debug.xcconfig"; path = "Pods/Target Support Files/Pods-MPDynamicSkeleton_Example/Pods-MPDynamicSkeleton_Example.debug.xcconfig"; sourceTree = "<group>"; };
		4CAD50222FCA3AC658BD7771 /* Pods-MPDynamicSkeleton_Example.release.xcconfig */ = {isa = PBXFileReference; includeInIndex = 1; lastKnownFileType = text.xcconfig; name = "Pods-MPDynamicSkeleton_Example.release.xcconfig"; path = "Pods/Target Support Files/Pods-MPDynamicSkeleton_Example/Pods-MPDynamicSkeleton_Example.release.xcconfig"; sourceTree = "<group>"; };
		607FACD01AFB9204008FA782 /* MPDynamicSkeleton_Example.app */ = {isa = PBXFileReference; explicitFileType = wrapper.application; includeInIndex = 0; path = MPDynamicSkeleton_Example.app; sourceTree = BUILT_PRODUCTS_DIR; };
		607FACD41AFB9204008FA782 /* Info.plist */ = {isa = PBXFileReference; lastKnownFileType = text.plist.xml; path = Info.plist; sourceTree = "<group>"; };
		607FACD51AFB9204008FA782 /* AppDelegate.swift */ = {isa = PBXFileReference; lastKnownFileType = sourcecode.swift; path = AppDelegate.swift; sourceTree = "<group>"; };
		607FACD71AFB9204008FA782 /* ViewController.swift */ = {isa = PBXFileReference; lastKnownFileType = sourcecode.swift; path = ViewController.swift; sourceTree = "<group>"; };
		62477D68E4452C955EEBC8C4 /* Pods-DynamicSkeleton_Tests.release.xcconfig */ = {isa = PBXFileReference; includeInIndex = 1; lastKnownFileType = text.xcconfig; name = "Pods-DynamicSkeleton_Tests.release.xcconfig"; path = "Pods/Target Support Files/Pods-DynamicSkeleton_Tests/Pods-DynamicSkeleton_Tests.release.xcconfig"; sourceTree = "<group>"; };
		771FE86BE72A6CA32B726542 /* DynamicSkeleton.podspec */ = {isa = PBXFileReference; includeInIndex = 1; lastKnownFileType = text; name = DynamicSkeleton.podspec; path = ../DynamicSkeleton.podspec; sourceTree = "<group>"; };
		8BA659A0579DB06BFD8EBE67 /* Pods-DynamicSkeleton_Example.debug.xcconfig */ = {isa = PBXFileReference; includeInIndex = 1; lastKnownFileType = text.xcconfig; name = "Pods-DynamicSkeleton_Example.debug.xcconfig"; path = "Pods/Target Support Files/Pods-DynamicSkeleton_Example/Pods-DynamicSkeleton_Example.debug.xcconfig"; sourceTree = "<group>"; };
		A7D05B6A2EBAC7388A1023EA /* Pods-DynamicSkeleton_Example.release.xcconfig */ = {isa = PBXFileReference; includeInIndex = 1; lastKnownFileType = text.xcconfig; name = "Pods-DynamicSkeleton_Example.release.xcconfig"; path = "Pods/Target Support Files/Pods-DynamicSkeleton_Example/Pods-DynamicSkeleton_Example.release.xcconfig"; sourceTree = "<group>"; };
		AFF4C883749466D805173912 /* README.md */ = {isa = PBXFileReference; includeInIndex = 1; lastKnownFileType = net.daringfireball.markdown; name = README.md; path = ../README.md; sourceTree = "<group>"; };
		B1DD009937DF8E38C43415F8 /* Pods-DynamicSkeleton_Tests.debug.xcconfig */ = {isa = PBXFileReference; includeInIndex = 1; lastKnownFileType = text.xcconfig; name = "Pods-DynamicSkeleton_Tests.debug.xcconfig"; path = "Pods/Target Support Files/Pods-DynamicSkeleton_Tests/Pods-DynamicSkeleton_Tests.debug.xcconfig"; sourceTree = "<group>"; };
		D81CEAB677A41FDBB326B7CE /* Pods_DynamicSkeleton_Example.framework */ = {isa = PBXFileReference; explicitFileType = wrapper.framework; includeInIndex = 0; path = Pods_DynamicSkeleton_Example.framework; sourceTree = BUILT_PRODUCTS_DIR; };
		F16C7BEA4E09F297291D2DAD /* Pods_DynamicSkeleton_Tests.framework */ = {isa = PBXFileReference; explicitFileType = wrapper.framework; includeInIndex = 0; path = Pods_DynamicSkeleton_Tests.framework; sourceTree = BUILT_PRODUCTS_DIR; };
		F825BA09D582D3E9DAD0F3C8 /* LICENSE */ = {isa = PBXFileReference; includeInIndex = 1; lastKnownFileType = text; name = LICENSE; path = ../LICENSE; sourceTree = "<group>"; };
/* End PBXFileReference section */

/* Begin PBXFrameworksBuildPhase section */
		607FACCD1AFB9204008FA782 /* Frameworks */ = {
			isa = PBXFrameworksBuildPhase;
			buildActionMask = 2147483647;
			files = (
				975C7757F22370BFC9B91655 /* Pods_MPDynamicSkeleton_Example.framework in Frameworks */,
			);
			runOnlyForDeploymentPostprocessing = 0;
		};
/* End PBXFrameworksBuildPhase section */

/* Begin PBXGroup section */
		069153CC1F30090E00759D86 /* Resources */ = {
			isa = PBXGroup;
			children = (
				069153CF1F30092000759D86 /* Images.xcassets */,
				069153CD1F30090E00759D86 /* LaunchScreen.xib */,
			);
			path = Resources;
			sourceTree = "<group>";
		};
		069153D11F30166D00759D86 /* Views */ = {
			isa = PBXGroup;
			children = (
				062DAED81F3A486400BF71D3 /* HeaderView.xib */,
				062DAED91F3A486400BF71D3 /* RowView.xib */,
				062DAEDC1F3A4B0F00BF71D3 /* RowView.swift */,
				06C0194F1F33A6E50029DD90 /* ExitView.xib */,
				069153D61F30169F00759D86 /* ExitView.swift */,
			);
			path = Views;
			sourceTree = "<group>";
		};
		607FACC71AFB9204008FA782 = {
			isa = PBXGroup;
			children = (
				607FACF51AFB993E008FA782 /* Podspec Metadata */,
				607FACD21AFB9204008FA782 /* Example */,
				607FACD11AFB9204008FA782 /* Products */,
				6A229881F774C0C5E965C7B0 /* Pods */,
				B933FA94961CD21DB3EF6CE7 /* Frameworks */,
			);
			sourceTree = "<group>";
		};
		607FACD11AFB9204008FA782 /* Products */ = {
			isa = PBXGroup;
			children = (
				607FACD01AFB9204008FA782 /* MPDynamicSkeleton_Example.app */,
			);
			name = Products;
			sourceTree = "<group>";
		};
		607FACD21AFB9204008FA782 /* Example */ = {
			isa = PBXGroup;
			children = (
				069153CC1F30090E00759D86 /* Resources */,
				069153D11F30166D00759D86 /* Views */,
				607FACD31AFB9204008FA782 /* Supporting Files */,
				607FACD51AFB9204008FA782 /* AppDelegate.swift */,
				607FACD71AFB9204008FA782 /* ViewController.swift */,
			);
			name = Example;
			path = DynamicSkeleton;
			sourceTree = "<group>";
		};
		607FACD31AFB9204008FA782 /* Supporting Files */ = {
			isa = PBXGroup;
			children = (
				607FACD41AFB9204008FA782 /* Info.plist */,
			);
			name = "Supporting Files";
			sourceTree = "<group>";
		};
		607FACF51AFB993E008FA782 /* Podspec Metadata */ = {
			isa = PBXGroup;
			children = (
				771FE86BE72A6CA32B726542 /* DynamicSkeleton.podspec */,
				AFF4C883749466D805173912 /* README.md */,
				F825BA09D582D3E9DAD0F3C8 /* LICENSE */,
			);
			name = "Podspec Metadata";
			sourceTree = "<group>";
		};
		6A229881F774C0C5E965C7B0 /* Pods */ = {
			isa = PBXGroup;
			children = (
				8BA659A0579DB06BFD8EBE67 /* Pods-DynamicSkeleton_Example.debug.xcconfig */,
				A7D05B6A2EBAC7388A1023EA /* Pods-DynamicSkeleton_Example.release.xcconfig */,
				B1DD009937DF8E38C43415F8 /* Pods-DynamicSkeleton_Tests.debug.xcconfig */,
				62477D68E4452C955EEBC8C4 /* Pods-DynamicSkeleton_Tests.release.xcconfig */,
				45D86CB470580B7DADEA94F9 /* Pods-MPDynamicSkeleton_Example.debug.xcconfig */,
				4CAD50222FCA3AC658BD7771 /* Pods-MPDynamicSkeleton_Example.release.xcconfig */,
			);
			name = Pods;
			sourceTree = "<group>";
		};
		B933FA94961CD21DB3EF6CE7 /* Frameworks */ = {
			isa = PBXGroup;
			children = (
				D81CEAB677A41FDBB326B7CE /* Pods_DynamicSkeleton_Example.framework */,
				F16C7BEA4E09F297291D2DAD /* Pods_DynamicSkeleton_Tests.framework */,
				33DF0D55232D95453C1B3803 /* Pods_MPDynamicSkeleton_Example.framework */,
			);
			name = Frameworks;
			sourceTree = "<group>";
		};
/* End PBXGroup section */

/* Begin PBXNativeTarget section */
		607FACCF1AFB9204008FA782 /* MPDynamicSkeleton_Example */ = {
			isa = PBXNativeTarget;
			buildConfigurationList = 607FACEF1AFB9204008FA782 /* Build configuration list for PBXNativeTarget "MPDynamicSkeleton_Example" */;
			buildPhases = (
				B8CC7F2F40F4318DF3ACF5AD /* [CP] Check Pods Manifest.lock */,
				607FACCC1AFB9204008FA782 /* Sources */,
				607FACCD1AFB9204008FA782 /* Frameworks */,
				607FACCE1AFB9204008FA782 /* Resources */,
				CF5B30FBC8EBCDE4D046D9A0 /* [CP] Embed Pods Frameworks */,
				33BCE2D49B57AF603859973E /* [CP] Copy Pods Resources */,
			);
			buildRules = (
			);
			dependencies = (
			);
			name = MPDynamicSkeleton_Example;
			productName = DynamicSkeleton;
			productReference = 607FACD01AFB9204008FA782 /* MPDynamicSkeleton_Example.app */;
			productType = "com.apple.product-type.application";
		};
/* End PBXNativeTarget section */

/* Begin PBXProject section */
		607FACC81AFB9204008FA782 /* Project object */ = {
			isa = PBXProject;
			attributes = {
				LastSwiftUpdateCheck = 0720;
				LastUpgradeCheck = 0820;
				ORGANIZATIONNAME = CocoaPods;
				TargetAttributes = {
					607FACCF1AFB9204008FA782 = {
						CreatedOnToolsVersion = 6.3.1;
						LastSwiftMigration = 0820;
						ProvisioningStyle = Automatic;
					};
				};
			};
			buildConfigurationList = 607FACCB1AFB9204008FA782 /* Build configuration list for PBXProject "MPDynamicSkeleton" */;
			compatibilityVersion = "Xcode 3.2";
			developmentRegion = English;
			hasScannedForEncodings = 0;
			knownRegions = (
				en,
				Base,
			);
			mainGroup = 607FACC71AFB9204008FA782;
			productRefGroup = 607FACD11AFB9204008FA782 /* Products */;
			projectDirPath = "";
			projectRoot = "";
			targets = (
				607FACCF1AFB9204008FA782 /* MPDynamicSkeleton_Example */,
			);
		};
/* End PBXProject section */

/* Begin PBXResourcesBuildPhase section */
		607FACCE1AFB9204008FA782 /* Resources */ = {
			isa = PBXResourcesBuildPhase;
			buildActionMask = 2147483647;
			files = (
				062DAEDB1F3A486400BF71D3 /* RowView.xib in Resources */,
				062DAEDA1F3A486400BF71D3 /* HeaderView.xib in Resources */,
				069153CE1F30090E00759D86 /* LaunchScreen.xib in Resources */,
				06C019501F33A6E50029DD90 /* ExitView.xib in Resources */,
				069153D01F30092000759D86 /* Images.xcassets in Resources */,
			);
			runOnlyForDeploymentPostprocessing = 0;
		};
/* End PBXResourcesBuildPhase section */

/* Begin PBXShellScriptBuildPhase section */
		33BCE2D49B57AF603859973E /* [CP] Copy Pods Resources */ = {
			isa = PBXShellScriptBuildPhase;
			buildActionMask = 2147483647;
			files = (
			);
			inputPaths = (
			);
			name = "[CP] Copy Pods Resources";
			outputPaths = (
			);
			runOnlyForDeploymentPostprocessing = 0;
			shellPath = /bin/sh;
			shellScript = "\"${SRCROOT}/Pods/Target Support Files/Pods-MPDynamicSkeleton_Example/Pods-MPDynamicSkeleton_Example-resources.sh\"\n";
			showEnvVarsInLog = 0;
		};
		B8CC7F2F40F4318DF3ACF5AD /* [CP] Check Pods Manifest.lock */ = {
			isa = PBXShellScriptBuildPhase;
			buildActionMask = 2147483647;
			files = (
			);
			inputPaths = (
			);
			name = "[CP] Check Pods Manifest.lock";
			outputPaths = (
			);
			runOnlyForDeploymentPostprocessing = 0;
			shellPath = /bin/sh;
			shellScript = "diff \"${PODS_ROOT}/../Podfile.lock\" \"${PODS_ROOT}/Manifest.lock\" > /dev/null\nif [ $? != 0 ] ; then\n    # print error to STDERR\n    echo \"error: The sandbox is not in sync with the Podfile.lock. Run 'pod install' or update your CocoaPods installation.\" >&2\n    exit 1\nfi\n";
			showEnvVarsInLog = 0;
		};
		CF5B30FBC8EBCDE4D046D9A0 /* [CP] Embed Pods Frameworks */ = {
			isa = PBXShellScriptBuildPhase;
			buildActionMask = 2147483647;
			files = (
			);
			inputPaths = (
			);
			name = "[CP] Embed Pods Frameworks";
			outputPaths = (
			);
			runOnlyForDeploymentPostprocessing = 0;
			shellPath = /bin/sh;
			shellScript = "\"${SRCROOT}/Pods/Target Support Files/Pods-MPDynamicSkeleton_Example/Pods-MPDynamicSkeleton_Example-frameworks.sh\"\n";
			showEnvVarsInLog = 0;
		};
/* End PBXShellScriptBuildPhase section */

/* Begin PBXSourcesBuildPhase section */
		607FACCC1AFB9204008FA782 /* Sources */ = {
			isa = PBXSourcesBuildPhase;
			buildActionMask = 2147483647;
			files = (
				607FACD81AFB9204008FA782 /* ViewController.swift in Sources */,
				607FACD61AFB9204008FA782 /* AppDelegate.swift in Sources */,
				069153D71F30169F00759D86 /* ExitView.swift in Sources */,
				062DAEDD1F3A4B0F00BF71D3 /* RowView.swift in Sources */,
			);
			runOnlyForDeploymentPostprocessing = 0;
		};
/* End PBXSourcesBuildPhase section */

/* Begin XCBuildConfiguration section */
		607FACED1AFB9204008FA782 /* Debug */ = {
			isa = XCBuildConfiguration;
			buildSettings = {
				ALWAYS_SEARCH_USER_PATHS = NO;
				CLANG_CXX_LANGUAGE_STANDARD = "gnu++0x";
				CLANG_CXX_LIBRARY = "libc++";
				CLANG_ENABLE_MODULES = YES;
				CLANG_ENABLE_OBJC_ARC = YES;
				CLANG_WARN_BOOL_CONVERSION = YES;
				CLANG_WARN_CONSTANT_CONVERSION = YES;
				CLANG_WARN_DIRECT_OBJC_ISA_USAGE = YES_ERROR;
				CLANG_WARN_EMPTY_BODY = YES;
				CLANG_WARN_ENUM_CONVERSION = YES;
				CLANG_WARN_INFINITE_RECURSION = YES;
				CLANG_WARN_INT_CONVERSION = YES;
				CLANG_WARN_OBJC_ROOT_CLASS = YES_ERROR;
				CLANG_WARN_SUSPICIOUS_MOVE = YES;
				CLANG_WARN_UNREACHABLE_CODE = YES;
				CLANG_WARN__DUPLICATE_METHOD_MATCH = YES;
				"CODE_SIGN_IDENTITY[sdk=iphoneos*]" = "iPhone Developer";
				COPY_PHASE_STRIP = NO;
				DEBUG_INFORMATION_FORMAT = "dwarf-with-dsym";
				ENABLE_STRICT_OBJC_MSGSEND = YES;
				ENABLE_TESTABILITY = YES;
				GCC_C_LANGUAGE_STANDARD = gnu99;
				GCC_DYNAMIC_NO_PIC = NO;
				GCC_NO_COMMON_BLOCKS = YES;
				GCC_OPTIMIZATION_LEVEL = 0;
				GCC_PREPROCESSOR_DEFINITIONS = (
					"DEBUG=1",
					"$(inherited)",
				);
				GCC_SYMBOLS_PRIVATE_EXTERN = NO;
				GCC_WARN_64_TO_32_BIT_CONVERSION = YES;
				GCC_WARN_ABOUT_RETURN_TYPE = YES_ERROR;
				GCC_WARN_UNDECLARED_SELECTOR = YES;
				GCC_WARN_UNINITIALIZED_AUTOS = YES_AGGRESSIVE;
				GCC_WARN_UNUSED_FUNCTION = YES;
				GCC_WARN_UNUSED_VARIABLE = YES;
				IPHONEOS_DEPLOYMENT_TARGET = 9.0;
				MTL_ENABLE_DEBUG_INFO = YES;
				ONLY_ACTIVE_ARCH = YES;
				SDKROOT = iphoneos;
				SWIFT_OPTIMIZATION_LEVEL = "-Onone";
				SWIFT_VERSION = 3.0;
			};
			name = Debug;
		};
		607FACEE1AFB9204008FA782 /* Release */ = {
			isa = XCBuildConfiguration;
			buildSettings = {
				ALWAYS_SEARCH_USER_PATHS = NO;
				CLANG_CXX_LANGUAGE_STANDARD = "gnu++0x";
				CLANG_CXX_LIBRARY = "libc++";
				CLANG_ENABLE_MODULES = YES;
				CLANG_ENABLE_OBJC_ARC = YES;
				CLANG_WARN_BOOL_CONVERSION = YES;
				CLANG_WARN_CONSTANT_CONVERSION = YES;
				CLANG_WARN_DIRECT_OBJC_ISA_USAGE = YES_ERROR;
				CLANG_WARN_EMPTY_BODY = YES;
				CLANG_WARN_ENUM_CONVERSION = YES;
				CLANG_WARN_INFINITE_RECURSION = YES;
				CLANG_WARN_INT_CONVERSION = YES;
				CLANG_WARN_OBJC_ROOT_CLASS = YES_ERROR;
				CLANG_WARN_SUSPICIOUS_MOVE = YES;
				CLANG_WARN_UNREACHABLE_CODE = YES;
				CLANG_WARN__DUPLICATE_METHOD_MATCH = YES;
				"CODE_SIGN_IDENTITY[sdk=iphoneos*]" = "iPhone Developer";
				COPY_PHASE_STRIP = NO;
				DEBUG_INFORMATION_FORMAT = "dwarf-with-dsym";
				ENABLE_NS_ASSERTIONS = NO;
				ENABLE_STRICT_OBJC_MSGSEND = YES;
				GCC_C_LANGUAGE_STANDARD = gnu99;
				GCC_NO_COMMON_BLOCKS = YES;
				GCC_WARN_64_TO_32_BIT_CONVERSION = YES;
				GCC_WARN_ABOUT_RETURN_TYPE = YES_ERROR;
				GCC_WARN_UNDECLARED_SELECTOR = YES;
				GCC_WARN_UNINITIALIZED_AUTOS = YES_AGGRESSIVE;
				GCC_WARN_UNUSED_FUNCTION = YES;
				GCC_WARN_UNUSED_VARIABLE = YES;
				IPHONEOS_DEPLOYMENT_TARGET = 9.0;
				MTL_ENABLE_DEBUG_INFO = NO;
				SDKROOT = iphoneos;
				SWIFT_OPTIMIZATION_LEVEL = "-Owholemodule";
				SWIFT_VERSION = 3.0;
				VALIDATE_PRODUCT = YES;
			};
			name = Release;
		};
		607FACF01AFB9204008FA782 /* Debug */ = {
			isa = XCBuildConfiguration;
			baseConfigurationReference = 45D86CB470580B7DADEA94F9 /* Pods-MPDynamicSkeleton_Example.debug.xcconfig */;
			buildSettings = {
				ASSETCATALOG_COMPILER_APPICON_NAME = AppIcon;
				"CODE_SIGN_IDENTITY[sdk=iphoneos*]" = "iPhone Developer";
				DEVELOPMENT_TEAM = "";
				INFOPLIST_FILE = DynamicSkeleton/Info.plist;
				IPHONEOS_DEPLOYMENT_TARGET = 9.0;
				LD_RUNPATH_SEARCH_PATHS = "$(inherited) @executable_path/Frameworks";
				MODULE_NAME = ExampleApp;
				PRODUCT_BUNDLE_IDENTIFIER = "org.cocoapods.demo.MPDynamicSkeleton-Example";
				PRODUCT_NAME = "$(TARGET_NAME)";
				PROVISIONING_PROFILE_SPECIFIER = "";
				SWIFT_VERSION = 3.0;
			};
			name = Debug;
		};
		607FACF11AFB9204008FA782 /* Release */ = {
			isa = XCBuildConfiguration;
			baseConfigurationReference = 4CAD50222FCA3AC658BD7771 /* Pods-MPDynamicSkeleton_Example.release.xcconfig */;
			buildSettings = {
				ASSETCATALOG_COMPILER_APPICON_NAME = AppIcon;
				"CODE_SIGN_IDENTITY[sdk=iphoneos*]" = "iPhone Developer";
				DEVELOPMENT_TEAM = "";
				INFOPLIST_FILE = DynamicSkeleton/Info.plist;
				IPHONEOS_DEPLOYMENT_TARGET = 9.0;
				LD_RUNPATH_SEARCH_PATHS = "$(inherited) @executable_path/Frameworks";
				MODULE_NAME = ExampleApp;
				PRODUCT_BUNDLE_IDENTIFIER = "org.cocoapods.demo.MPDynamicSkeleton-Example";
				PRODUCT_NAME = "$(TARGET_NAME)";
				PROVISIONING_PROFILE_SPECIFIER = "";
				SWIFT_VERSION = 3.0;
			};
			name = Release;
		};
/* End XCBuildConfiguration section */

/* Begin XCConfigurationList section */
		607FACCB1AFB9204008FA782 /* Build configuration list for PBXProject "MPDynamicSkeleton" */ = {
			isa = XCConfigurationList;
			buildConfigurations = (
				607FACED1AFB9204008FA782 /* Debug */,
				607FACEE1AFB9204008FA782 /* Release */,
			);
			defaultConfigurationIsVisible = 0;
			defaultConfigurationName = Release;
		};
		607FACEF1AFB9204008FA782 /* Build configuration list for PBXNativeTarget "MPDynamicSkeleton_Example" */ = {
			isa = XCConfigurationList;
			buildConfigurations = (
				607FACF01AFB9204008FA782 /* Debug */,
				607FACF11AFB9204008FA782 /* Release */,
			);
			defaultConfigurationIsVisible = 0;
			defaultConfigurationName = Release;
		};
/* End XCConfigurationList section */
	};
	rootObject = 607FACC81AFB9204008FA782 /* Project object */;
}
